
Microsoft Visual Studio Solution File, Format Version 12.00
# Visual Studio Version 17
VisualStudioVersion = 17.3.32825.248
MinimumVisualStudioVersion = 10.0.40219.1
Project("{2150E333-8FDC-42A3-9474-1A3956D46DE8}") = "Tests", "Tests", "{8879AC0E-CD07-4FC9-B61B-743F1DB2F9A4}"
EndProject
Project("{2150E333-8FDC-42A3-9474-1A3956D46DE8}") = "Databases", "Databases", "{EDB5A28D-7284-4EB4-880C-BC2E5197F10E}"
EndProject
Project("{2150E333-8FDC-42A3-9474-1A3956D46DE8}") = "Samples", "Samples", "{8E4D426B-B372-49E6-A134-6AD26E946DD4}"
EndProject
Project("{2150E333-8FDC-42A3-9474-1A3956D46DE8}") = "Solution Items", "Solution Items", "{12CE1AA2-C4C3-486E-8BA4-C72A2ECC9456}"
	ProjectSection(SolutionItems) = preProject
		.editorconfig = .editorconfig
		docs\images\bindopen_icon.png = docs\images\bindopen_icon.png
		CREDITS.txt = CREDITS.txt
		docs\Current-Release-Note.md = docs\Current-Release-Note.md
		LICENSE = LICENSE
		README.md = README.md
		TODO.md = TODO.md
	EndProjectSection
EndProject
Project("{9A19103F-16F7-4668-BE54-9A1E7A4F7556}") = "Databases", "src\BindOpen.Databases\Databases.csproj", "{4B0C1C45-59C9-4645-802F-85C266A0F55F}"
EndProject
Project("{9A19103F-16F7-4668-BE54-9A1E7A4F7556}") = "Databases.MSSqlServer", "src\BindOpen.Databases.MSSqlServer\Databases.MSSqlServer.csproj", "{529B0CB9-4853-4003-BF40-ADF9352C8988}"
EndProject
Project("{9A19103F-16F7-4668-BE54-9A1E7A4F7556}") = "Databases.PostgreSql", "src\BindOpen.Databases.PostgreSql\Databases.PostgreSql.csproj", "{76D8E041-20C8-4A0B-B677-066D4A7C106F}"
EndProject
Project("{9A19103F-16F7-4668-BE54-9A1E7A4F7556}") = "Databases.Tests", "test\BindOpen.Databases.Tests\Databases.Tests.csproj", "{8D738861-C3ED-4F44-9469-D2A303CF04F2}"
EndProject
Project("{9A19103F-16F7-4668-BE54-9A1E7A4F7556}") = "Databases.Abstractions", "src\BindOpen.Databases.Abstractions\Databases.Abstractions.csproj", "{B1297DAD-E4C9-4805-8061-CE84A1C6C811}"
EndProject
Global
	GlobalSection(SolutionConfigurationPlatforms) = preSolution
		Debug|Any CPU = Debug|Any CPU
		Release|Any CPU = Release|Any CPU
	EndGlobalSection
	GlobalSection(ProjectConfigurationPlatforms) = postSolution
		{4B0C1C45-59C9-4645-802F-85C266A0F55F}.Debug|Any CPU.ActiveCfg = Debug|Any CPU
		{4B0C1C45-59C9-4645-802F-85C266A0F55F}.Debug|Any CPU.Build.0 = Debug|Any CPU
		{4B0C1C45-59C9-4645-802F-85C266A0F55F}.Release|Any CPU.ActiveCfg = Release|Any CPU
		{4B0C1C45-59C9-4645-802F-85C266A0F55F}.Release|Any CPU.Build.0 = Release|Any CPU
		{529B0CB9-4853-4003-BF40-ADF9352C8988}.Debug|Any CPU.ActiveCfg = Debug|Any CPU
		{529B0CB9-4853-4003-BF40-ADF9352C8988}.Debug|Any CPU.Build.0 = Debug|Any CPU
		{529B0CB9-4853-4003-BF40-ADF9352C8988}.Release|Any CPU.ActiveCfg = Release|Any CPU
		{529B0CB9-4853-4003-BF40-ADF9352C8988}.Release|Any CPU.Build.0 = Release|Any CPU
		{76D8E041-20C8-4A0B-B677-066D4A7C106F}.Debug|Any CPU.ActiveCfg = Debug|Any CPU
		{76D8E041-20C8-4A0B-B677-066D4A7C106F}.Debug|Any CPU.Build.0 = Debug|Any CPU
		{76D8E041-20C8-4A0B-B677-066D4A7C106F}.Release|Any CPU.ActiveCfg = Release|Any CPU
		{76D8E041-20C8-4A0B-B677-066D4A7C106F}.Release|Any CPU.Build.0 = Release|Any CPU
		{8D738861-C3ED-4F44-9469-D2A303CF04F2}.Debug|Any CPU.ActiveCfg = Debug|Any CPU
		{8D738861-C3ED-4F44-9469-D2A303CF04F2}.Debug|Any CPU.Build.0 = Debug|Any CPU
		{8D738861-C3ED-4F44-9469-D2A303CF04F2}.Release|Any CPU.ActiveCfg = Release|Any CPU
		{8D738861-C3ED-4F44-9469-D2A303CF04F2}.Release|Any CPU.Build.0 = Release|Any CPU
		{B1297DAD-E4C9-4805-8061-CE84A1C6C811}.Debug|Any CPU.ActiveCfg = Debug|Any CPU
		{B1297DAD-E4C9-4805-8061-CE84A1C6C811}.Debug|Any CPU.Build.0 = Debug|Any CPU
		{B1297DAD-E4C9-4805-8061-CE84A1C6C811}.Release|Any CPU.ActiveCfg = Release|Any CPU
		{B1297DAD-E4C9-4805-8061-CE84A1C6C811}.Release|Any CPU.Build.0 = Release|Any CPU
	EndGlobalSection
	GlobalSection(SolutionProperties) = preSolution
		HideSolutionNode = FALSE
	EndGlobalSection
	GlobalSection(NestedProjects) = preSolution
		{4B0C1C45-59C9-4645-802F-85C266A0F55F} = {EDB5A28D-7284-4EB4-880C-BC2E5197F10E}
		{529B0CB9-4853-4003-BF40-ADF9352C8988} = {EDB5A28D-7284-4EB4-880C-BC2E5197F10E}
		{76D8E041-20C8-4A0B-B677-066D4A7C106F} = {EDB5A28D-7284-4EB4-880C-BC2E5197F10E}
		{8D738861-C3ED-4F44-9469-D2A303CF04F2} = {8879AC0E-CD07-4FC9-B61B-743F1DB2F9A4}
		{B1297DAD-E4C9-4805-8061-CE84A1C6C811} = {EDB5A28D-7284-4EB4-880C-BC2E5197F10E}
	EndGlobalSection
	GlobalSection(ExtensibilityGlobals) = postSolution
		SolutionGuid = {96B56BCB-1F4B-4319-991B-1BABA2FB5443}
	EndGlobalSection
EndGlobal
